{
    "_meta": {
        "hash": {
            "sha256": "1eeadc53e26084c5c8acd5c9b13fdf7980c7a954535fda29a91619f2c24a653e"
        },
        "pipfile-spec": 6,
        "requires": {
            "python_version": "3.7"
        },
        "sources": [
            {
                "name": "pypi",
                "url": "https://pypi.org/simple",
                "verify_ssl": true
            }
        ]
    },
    "default": {
        "azure-core": {
            "hashes": [
                "sha256:7bf695b017acea3da28e0390a2dea5b7e15a9fa3ef1af50ff020bcfe7dacb6a4",
                "sha256:d10b74e783cff90d56360e61162afdd22276d62dc9467e657ae866449eae7648"
            ],
            "version": "==1.6.0"
        },
        "azure-eventhub": {
            "hashes": [
                "sha256:04ce70d0948c1dfd52f698ed821deffdc55e490fabf38a575b6d48a022bd9b25",
                "sha256:c3b7f2beb846f0bf1def937b7a08c68de738349d3306fe6d9f8d1f251784b40b"
            ],
            "index": "pypi",
            "version": "==5.1.0"
        },
        "certifi": {
            "hashes": [
                "sha256:5930595817496dd21bb8dc35dad090f1c2cd0adfaf21204bf6732ca5d8ee34d3",
                "sha256:8fc0819f1f30ba15bdb34cceffb9ef04d99f420f68eb75d901e9560b8749fc41"
            ],
            "version": "==2020.6.20"
        },
        "chardet": {
            "hashes": [
                "sha256:84ab92ed1c4d4f16916e05906b6b75a6c0fb5db821cc65e70cbd64a3e2a5eaae",
                "sha256:fc323ffcaeaed0e0a02bf4d117757b98aed530d9ed4531e3e15460124c106691"
            ],
            "version": "==3.0.4"
        },
        "idna": {
            "hashes": [
                "sha256:b307872f855b18632ce0c21c5e45be78c0ea7ae4c15c828c20788b26921eb3f6",
                "sha256:b97d804b1e9b523befed77c48dacec60e6dcb0b5391d57af6a65a312a90648c0"
            ],
            "markers": "python_version >= '2.7' and python_version not in '3.0, 3.1, 3.2, 3.3'",
            "version": "==2.10"
        },
        "requests": {
            "hashes": [
                "sha256:b3559a131db72c33ee969480840fff4bb6dd111de7dd27c8ee1f820f4f00231b",
                "sha256:fe75cc94a9443b9246fc7049224f75604b113c36acb93f87b80ed42c44cbb898"
            ],
            "markers": "python_version >= '2.7' and python_version not in '3.0, 3.1, 3.2, 3.3, 3.4'",
            "version": "==2.24.0"
        },
        "six": {
            "hashes": [
                "sha256:30639c035cdb23534cd4aa2dd52c3bf48f06e5f4a941509c8bafd8ce11080259",
                "sha256:8b74bedcbbbaca38ff6d7491d76f2b06b3592611af620f8426e82dddb04a5ced"
            ],
            "markers": "python_version >= '2.7' and python_version not in '3.0, 3.1, 3.2, 3.3'",
            "version": "==1.15.0"
        },
        "uamqp": {
            "hashes": [
                "sha256:08ec907075470df683797d188a38a5234c872e765c9253b688a64548b74f03f9",
                "sha256:1420e76c3d76c73b37702430aeef6806ac589d317451a11d47059faf721a7e81",
                "sha256:196e8bbdf49f0f276dd708d85612279dfc63fa08e889b2c4198767f748f2951d",
                "sha256:208798bb9d6d8ecfca62659442d5ca2a86addee3216bcf883933688242668eea",
                "sha256:269e61c8516e2bd8957f23b17741dc3de0bbb8f241f8ebd2b83844951033fd06",
                "sha256:29085da77e3f44d81a369587583f78f4d50f83de2773432e122a1dee144c9f0c",
                "sha256:37763a19ac7e35884b8cb72d842155bd408bd377b7ea04b5c7c6f712b2a0b861",
                "sha256:3ddeb9efeb83ce7a7abb2c2476ceb1166785fa187f4a969f7d20e1a3904e456b",
                "sha256:4ae636c041cacc7dea79a54b982bcad3e36808bbba1087664dea47e49fa38c36",
                "sha256:5ddc7b9dc2c1df5716a9a6703db74f7e0b93bf6dfd5bb5c80c4be6a9b058be70",
                "sha256:7379bd76627e90210163ca2143ac5dd30ee32561ef33b796643021db3c38c1f6",
                "sha256:7f41b300ab11158fb8dab6b4b4bf1f9367d86df88383102b010d1381861bb12a",
                "sha256:84a49e019da0db4b0d33f451fc5eaf51cdb2d9aeebb3767e4bac271c0dc2d02c",
                "sha256:866597f1f5d7530e9c1fae39d193d2fda4eac07bbfc01cba1d0fba2b1ae9aebf",
                "sha256:89bae7cd9d2c6c6fafe337b173e23897363521328b9718514474061c1b11a1ef",
                "sha256:8f69f9d5b0a941fb80da3e4a3e50e7774b71652952a69948ba38b3c20a587e17",
                "sha256:a506bef77af2c05ab31a7f9f74e2660dafab6ecbf48b43d6892a02e380aae66b",
                "sha256:beb156ae483466c351d764c1637bb0b698deb1cc2d19ea9bccaa816b08c534ff",
                "sha256:bfb7d6a1b274808240de67b759353abc17a9fd0c0dd4293d294bcf1c5171536f",
                "sha256:c82361db66acc9a21b54713570baae567774c5dbc36252717f071b375b846a1f",
                "sha256:cd46cbfc4f12ae54398082e9249954902390e4485be6ac11840616293436eb30",
                "sha256:d8566eea5ea46056a037ec4959dee7061ad5f103980b807b41c52e28a700623b",
                "sha256:e4da6bf9c0463b2fdd1887ea4855635021fcbd0826bb49ff276f13e08f108d76",
                "sha256:f0e004ee46301804465b78a99e7cff7bb3f37b5e3f5750b04888b4c0a215616c",
                "sha256:f28364b7f037cbcd820f2fccd05b9ce77245503f2afe3db09240420369d54a44",
                "sha256:f2a2ec313c9457f90d1fda235f4bd435eaf73aeebc94c8116084ec4b3043a27f",
                "sha256:f2c96347e19d0bf7a89e8102aa05db3bb60e0f3bf40dfcfe0c3b1e01cb20d88b",
                "sha256:fe125cbb6263257497b265badf87f8ba7fad553cc8f2e020254218dfff8d0224"
            ],
            "markers": "python_version >= '2.7' and python_version not in '3.0, 3.1, 3.2, 3.3'",
            "version": "==1.2.8"
        },
        "urllib3": {
            "hashes": [
                "sha256:3018294ebefce6572a474f0604c2021e33b3fd8006ecd11d62107a5d2a963527",
                "sha256:88206b0eb87e6d677d424843ac5209e3fb9d0190d0ee169599165ec25e9d9115"
            ],
            "markers": "python_version >= '2.7' and python_version not in '3.0, 3.1, 3.2, 3.3, 3.4' and python_version < '4'",
            "version": "==1.25.9"
        }
    },
    "develop": {}
}
