{
    "_meta": {
        "hash": {
            "sha256": "1eeadc53e26084c5c8acd5c9b13fdf7980c7a954535fda29a91619f2c24a653e"
        },
        "pipfile-spec": 6,
        "requires": {
            "python_version": "3.7"
        },
        "sources": [
            {
                "name": "pypi",
                "url": "https://pypi.org/simple",
                "verify_ssl": true
            }
        ]
    },
    "default": {
        "azure-core": {
            "hashes": [
                "sha256:223b0e90cbdd1f03c41b195b03239899843f20d00964dbb85e64386873414a2d",
                "sha256:726ffd1ded04a2c1cb53f9d9155cbb05ac5c1c2a29af4ef622e93e1c0a8bc92b"
            ],
            "markers": "python_version >= '3.7'",
            "version": "==1.26.1"
        },
        "azure-eventhub": {
            "hashes": [
                "sha256:04ce70d0948c1dfd52f698ed821deffdc55e490fabf38a575b6d48a022bd9b25",
                "sha256:c3b7f2beb846f0bf1def937b7a08c68de738349d3306fe6d9f8d1f251784b40b"
            ],
            "index": "pypi",
            "version": "==5.1.0"
        },
        "certifi": {
            "hashes": [
                "sha256:35824b4c3a97115964b408844d64aa14db1cc518f6562e8d7261699d1350a9e3",
                "sha256:4ad3232f5e926d6718ec31cfc1fcadfde020920e278684144551c91769c7bc18"
            ],
            "index": "pypi",
            "version": "==2022.12.7"
        },
        "charset-normalizer": {
            "hashes": [
                "sha256:5a3d016c7c547f69d6f81fb0db9449ce888b418b5b9952cc5e6e66843e9dd845",
                "sha256:83e9a75d1911279afd89352c68b45348559d1fc0506b054b346651b5e7fee29f"
            ],
            "markers": "python_version >= '3.6'",
            "version": "==2.1.1"
        },
        "idna": {
            "hashes": [
                "sha256:814f528e8dead7d329833b91c5faa87d60bf71824cd12a7530b5526063d02cb4",
                "sha256:90b77e79eaa3eba6de819a0c442c0b4ceefc341a7a2ab77d7562bf49f425c5c2"
            ],
            "markers": "python_version >= '3.5'",
            "version": "==3.4"
        },
        "requests": {
            "hashes": [
                "sha256:7c5599b102feddaa661c826c56ab4fee28bfd17f5abca1ebbe3e7f19d7c97983",
                "sha256:8fefa2a1a1365bf5520aac41836fbee479da67864514bdb821f31ce07ce65349"
            ],
            "markers": "python_version >= '3.7' and python_version < '4'",
            "version": "==2.28.1"
        },
        "six": {
            "hashes": [
                "sha256:1e61c37477a1626458e36f7b1d82aa5c9b094fa4802892072e49de9c60c4c926",
                "sha256:8abb2f1d86890a2dfb989f9a77cfcfd3e47c2a354b01111771326f8aa26e0254"
            ],
            "markers": "python_version >= '2.7' and python_version not in '3.0, 3.1, 3.2, 3.3'",
            "version": "==1.16.0"
        },
        "typing-extensions": {
            "hashes": [
                "sha256:1511434bb92bf8dd198c12b1cc812e800d4181cfcb867674e0f8279cc93087aa",
                "sha256:16fa4864408f655d35ec496218b85f79b3437c829e93320c7c9215ccfd92489e"
            ],
            "markers": "python_version >= '3.7'",
            "version": "==4.4.0"
        },
        "uamqp": {
            "hashes": [
                "sha256:0185f5ea66b4f239798ec0833ebac2b3e401565ead73acefe1dae2a9697d31e9",
                "sha256:3b3d9bfc5bdb0cee720c0f0aecafaece7d69ea0b9e02cf638f22cd17063077fb",
                "sha256:44efbcf7d8d714c9e7ac43a95f4492f96d6f2163134b10907492a790e11df0ba",
                "sha256:490eeb783b9fa3e2c4cc6f9809fb2523ff429f46c6cd01696acbfda6d3811db7",
                "sha256:49909aafd8c5aa19f5dfed13aa03f2fff023408dbf2d909d233d8988961181c7",
                "sha256:56cf15d20f540e9935d151fda64177b9dae65cb22d4f9b66638e0847fde61c32",
                "sha256:6140a15ccce7fd9637808ca47a334d36ff74c6dea251979a0dc5335bc2d3ba49",
                "sha256:7ce03eb4600d28a1deab4b866f377d4eae7fc9cdc67e3e88f788d5f1d683dc86",
                "sha256:8484455d322953a7ce45090603dc2700b49a10ce93310ca8699485776e163cf1",
                "sha256:8c89875c9bd106fcbe95d4e7621c7b98eb162be089c1b84dfb760cfcfa8b53a0",
                "sha256:9375d85ea921199572d8fc3e6af1048c18cbe08730560c0895b6aa0de2eeb9ec",
                "sha256:94330ce1e40843c10a7811102b87eee4469f9ecefed200ab72d1d009a7ce9836",
                "sha256:959702da3b7946ee4187d1eb9fc8caf6584304f38d563489090263e552bb7714",
                "sha256:a7e83b5d25ba4794198a7a2e5fc95d7a09c9fde023b3c8760680561967695c8a",
                "sha256:adcdfef70def14d040a961afaef89ae86725bf05057a5d8a8dd7ceb72fb671c2",
                "sha256:b0ed1f51ca5156c678112aefff8e413dbf19edaf1a8589f555edaa587add6bd4",
                "sha256:be4496f207b96231121fdaf592b06cc494cab9bdedd1cfd151154eef3ef3d7e5",
                "sha256:c97eab724429dc7011577380e3a5d48aa760c1b1d3f56465e1984c4e81f7e03d",
                "sha256:cb55816521f2533a8b70c7fdaac98d53615b0d09d004173f6c63a69fccfbf05f",
                "sha256:cea26ad2ddc1d671f23d839c3200d325456cbb9fd4d96c9b43e79de8185e9b98",
                "sha256:e8ad8cb2ab18a7bc05e3776930cc68cabf6b7d0fa0b09e80a238fbfc760d3d3a"
            ],
            "markers": "python_version >= '3.7'",
            "version": "==1.6.3"
        },
        "urllib3": {
            "hashes": [
                "sha256:47cc05d99aaa09c9e72ed5809b60e7ba354e64b59c9c173ac3018642d8bb41fc",
                "sha256:c083dd0dce68dbfbe1129d5271cb90f9447dea7d52097c6e0126120c521ddea8"
            ],
            "markers": "python_version >= '2.7' and python_version not in '3.0, 3.1, 3.2, 3.3, 3.4, 3.5'",
            "version": "==1.26.13"
        }
    },
    "develop": {}
}
