{
    "_meta": {
        "hash": {
            "sha256": "1eeadc53e26084c5c8acd5c9b13fdf7980c7a954535fda29a91619f2c24a653e"
        },
        "pipfile-spec": 6,
        "requires": {
            "python_version": "3.7"
        },
        "sources": [
            {
                "name": "pypi",
                "url": "https://pypi.org/simple",
                "verify_ssl": true
            }
        ]
    },
    "default": {
        "azure-core": {
            "hashes": [
                "sha256:2e3ade1b6d79229ad58d4ed8775a07a0c6323a00328ee202964200f299ba929a",
                "sha256:f32bb64aabe61f496255c16dd6c555a027da628109460bf27311cee0caf78f96"
            ],
            "version": "==1.14.0"
        },
        "azure-eventhub": {
            "hashes": [
                "sha256:04ce70d0948c1dfd52f698ed821deffdc55e490fabf38a575b6d48a022bd9b25",
                "sha256:c3b7f2beb846f0bf1def937b7a08c68de738349d3306fe6d9f8d1f251784b40b"
            ],
            "index": "pypi",
            "version": "==5.1.0"
        },
        "certifi": {
            "hashes": [
                "sha256:2bbf76fd432960138b3ef6dda3dde0544f27cbf8546c458e60baf371917ba9ee",
                "sha256:50b1e4f8446b06f41be7dd6338db18e0990601dce795c2b1686458aa7e8fa7d8"
            ],
            "version": "==2021.5.30"
        },
        "chardet": {
            "hashes": [
                "sha256:0d6f53a15db4120f2b08c94f11e7d93d2c911ee118b6b30a04ec3ee8310179fa",
                "sha256:f864054d66fd9118f2e67044ac8981a54775ec5b67aed0441892edb553d21da5"
            ],
            "version": "==4.0.0"
        },
        "idna": {
            "hashes": [
                "sha256:b307872f855b18632ce0c21c5e45be78c0ea7ae4c15c828c20788b26921eb3f6",
                "sha256:b97d804b1e9b523befed77c48dacec60e6dcb0b5391d57af6a65a312a90648c0"
            ],
            "version": "==2.10"
        },
        "requests": {
            "hashes": [
                "sha256:27973dd4a904a4f13b263a19c866c13b92a39ed1c964655f025f3f8d3d75b804",
                "sha256:c210084e36a42ae6b9219e00e48287def368a26d03a048ddad7bfee44f75871e"
            ],
            "version": "==2.25.1"
        },
        "six": {
            "hashes": [
                "sha256:1e61c37477a1626458e36f7b1d82aa5c9b094fa4802892072e49de9c60c4c926",
                "sha256:8abb2f1d86890a2dfb989f9a77cfcfd3e47c2a354b01111771326f8aa26e0254"
            ],
            "version": "==1.16.0"
        },
        "uamqp": {
            "hashes": [
                "sha256:08b40c218aed6e73cf5f2bbb6d37eb2668403712fa98021fdb59f27d0e97571c",
                "sha256:12ea01576cdebe06c04fe0b608aab108efa8d88cb9b8ff4399478da175a3a300",
                "sha256:177591ccb544dbb5055f25bd084eec3d8c9bada42884948421649602c0ce8d9d",
                "sha256:3409a678bc55b3e7af2dbe24df7ceea4ebed1cdb5ab03fbeb90887d6a540d2e5",
                "sha256:477ade8a30155045fc912721f51a04b55b1a0ff54acad11ddca080d6bb589b59",
                "sha256:4ab9e85c048c6fb2e1c60ceab5562175df0189df135e389c0b1c10146ee29545",
                "sha256:5aefed4e3ca266032fefef2ecf69ec10a3aebfbe3040cf989adde237d0e3c926",
                "sha256:5f37e22f344ad7f0c29a7c4f5bf1fe2aa9c1b826e960f6b04b62674d0abe55bc",
                "sha256:6bf135525bb304aaad467ed7b25a351b25bfbc70e9b751685b959ef50d6a9d30",
                "sha256:798ba85d05cd69feb84fe1df221411d6bdd859c2f6cb71259ea577b510188125",
                "sha256:84038c4ddf8de48d8874e668417f30428d658202cb8e37f799cc8f9c6c356f80",
                "sha256:92a890bebf1b8605f17408f06c24e8122d4f730403061a2670ff816a6ebf3e90",
                "sha256:92d3aef7d8777eec0fc43fdf00b251a4faccee9c951144ffb0597747180c4d48",
                "sha256:b7931bf6e164a40cf28d41cf1a83b7643fdcfd6294c92a4492ebff92eb1c7d0d",
                "sha256:b854ff36371090fa14833e8cdaf70ef836c7aa27b33afb7e55f2719e653403f4",
                "sha256:ba1924568e532b5efd8f4125cb0ecd8226c73cd18839ba54b3d7aa7f86ed5578",
                "sha256:c152f37a65b95462f23a548ce5cfadac2c19f1b3d4252bdc20051d0e1301ad6e",
                "sha256:c923970dfefa98b0fead70aeb8f03d8fff4f7fe15c5a43499cb1e4bc7b02f07b",
                "sha256:ca3f81c7e82605e925084e496bb8027ba37e4736c478c843556e94a30862d41e",
                "sha256:d4025ba61b0e4f54dcd1b8aee8bcf8d43f9e7129c42280631db6cc694f9fddd1",
                "sha256:d8597aec4c8c50ec4b4124d0b27cc721b9e91d8a14325ac8407753336ef6cd73",
                "sha256:d88df91c412087e8c80d8bd92a8c5bbe4324f56003de11739580f6ded9b30816",
                "sha256:ed2e8e4635793d1ae17f3a01960b5591da3eb838f5d589954b85ff64dbd5047f",
                "sha256:ef4e41bcfe50cf5a4dcd190facd44e9e3ca34eb8caf12d7ef4789940b9b5d852",
                "sha256:ef6f033bdf81bb8a165942280b60cf614b977b235bccc9690eb0c9aaffbcf251",
                "sha256:f16939a39525e5803733304ea39826d585338bf469d57f59cb12f134ad4fe1de",
                "sha256:f60d6223d915e7c084822a1a52525def8f23d1092749f6f85fac166bc986d07e",
                "sha256:fabc834ee563d7cc91e7efff27065bd28e72e703cd7aa88679dd350473871e25"
            ],
            "version": "==1.4.0"
        },
        "urllib3": {
            "hashes": [
                "sha256:753a0374df26658f99d826cfe40394a686d05985786d946fbe4165b5148f5a7c",
                "sha256:a7acd0977125325f516bda9735fa7142b909a8d01e8b2e4c8108d0984e6e0098"
            ],
            "index": "pypi",
            "version": "==1.26.5"
        }
    },
    "develop": {}
}
